
Microsoft Visual Studio Solution File, Format Version 12.00
# Visual Studio Version 17
VisualStudioVersion = 17.0.31903.59
MinimumVisualStudioVersion = 10.0.40219.1
Project("{2150E333-8FDC-42A3-9474-1A3956D46DE8}") = "src", "src", "{E1FFAA0D-AB8B-4E94-BC08-077EF76E20D2}"
EndProject
Project("{FAE04EC0-301F-11D3-BF4B-00C04F79EFBC}") = "ChalonaCsDriver", "src\ChalonaCsDriver\ChalonaCsDriver.csproj", "{8989EB5B-ACBD-43EB-95A0-83878C2C11FE}"
EndProject
Project("{FAE04EC0-301F-11D3-BF4B-00C04F79EFBC}") = "ChalonaCsDriver.Cli", "src\ChalonaCsDriver.Cli\ChalonaCsDriver.Cli.csproj", "{E8DB5154-20C4-47DD-98A8-B71E17A6AD87}"
EndProject
Project("{FAE04EC0-301F-11D3-BF4B-00C04F79EFBC}") = "ChalonaCsDriver.Compile", "src\ChalonaCsDriver.Compile\ChalonaCsDriver.Compile.csproj", "{72C2D802-CCF6-46AF-91F8-470995BFA2C4}"
EndProject
Global
	GlobalSection(SolutionConfigurationPlatforms) = preSolution
		Debug|Any CPU = Debug|Any CPU
		Release|Any CPU = Release|Any CPU
	EndGlobalSection
	GlobalSection(SolutionProperties) = preSolution
		HideSolutionNode = FALSE
	EndGlobalSection
	GlobalSection(ProjectConfigurationPlatforms) = postSolution
		{8989EB5B-ACBD-43EB-95A0-83878C2C11FE}.Debug|Any CPU.ActiveCfg = Debug|Any CPU
		{8989EB5B-ACBD-43EB-95A0-83878C2C11FE}.Debug|Any CPU.Build.0 = Debug|Any CPU
		{8989EB5B-ACBD-43EB-95A0-83878C2C11FE}.Release|Any CPU.ActiveCfg = Release|Any CPU
		{8989EB5B-ACBD-43EB-95A0-83878C2C11FE}.Release|Any CPU.Build.0 = Release|Any CPU
		{E8DB5154-20C4-47DD-98A8-B71E17A6AD87}.Debug|Any CPU.ActiveCfg = Debug|Any CPU
		{E8DB5154-20C4-47DD-98A8-B71E17A6AD87}.Debug|Any CPU.Build.0 = Debug|Any CPU
		{E8DB5154-20C4-47DD-98A8-B71E17A6AD87}.Release|Any CPU.ActiveCfg = Release|Any CPU
		{E8DB5154-20C4-47DD-98A8-B71E17A6AD87}.Release|Any CPU.Build.0 = Release|Any CPU
		{72C2D802-CCF6-46AF-91F8-470995BFA2C4}.Debug|Any CPU.ActiveCfg = Debug|Any CPU
		{72C2D802-CCF6-46AF-91F8-470995BFA2C4}.Debug|Any CPU.Build.0 = Debug|Any CPU
		{72C2D802-CCF6-46AF-91F8-470995BFA2C4}.Release|Any CPU.ActiveCfg = Release|Any CPU
		{72C2D802-CCF6-46AF-91F8-470995BFA2C4}.Release|Any CPU.Build.0 = Release|Any CPU
	EndGlobalSection
	GlobalSection(NestedProjects) = preSolution
		{8989EB5B-ACBD-43EB-95A0-83878C2C11FE} = {E1FFAA0D-AB8B-4E94-BC08-077EF76E20D2}
		{E8DB5154-20C4-47DD-98A8-B71E17A6AD87} = {E1FFAA0D-AB8B-4E94-BC08-077EF76E20D2}
		{72C2D802-CCF6-46AF-91F8-470995BFA2C4} = {E1FFAA0D-AB8B-4E94-BC08-077EF76E20D2}
	EndGlobalSection
EndGlobal
